
Microsoft Visual Studio Solution File, Format Version 12.00
# Visual Studio 2013
VisualStudioVersion = 12.0.21005.1
MinimumVisualStudioVersion = 10.0.40219.1
Project("{FAE04EC0-301F-11D3-BF4B-00C04F79EFBC}") = "CrouMetro", "CuroMetro\CrouMetro.csproj", "{2C71175D-4EAF-4C2D-8F8B-5EA92BC02244}"
EndProject
Project("{FAE04EC0-301F-11D3-BF4B-00C04F79EFBC}") = "CrouMetro.Core", "CuroMetro.Core\CrouMetro.Core.csproj", "{D7E46E6A-B611-4F5F-94DD-40D889743F17}"
EndProject
Global
	GlobalSection(SolutionConfigurationPlatforms) = preSolution
		Debug|Any CPU = Debug|Any CPU
		Debug|ARM = Debug|ARM
		Debug|x86 = Debug|x86
		Release|Any CPU = Release|Any CPU
		Release|ARM = Release|ARM
		Release|x86 = Release|x86
	EndGlobalSection
	GlobalSection(ProjectConfigurationPlatforms) = postSolution
		{2C71175D-4EAF-4C2D-8F8B-5EA92BC02244}.Debug|Any CPU.ActiveCfg = Debug|Any CPU
		{2C71175D-4EAF-4C2D-8F8B-5EA92BC02244}.Debug|Any CPU.Build.0 = Debug|Any CPU
		{2C71175D-4EAF-4C2D-8F8B-5EA92BC02244}.Debug|Any CPU.Deploy.0 = Debug|Any CPU
		{2C71175D-4EAF-4C2D-8F8B-5EA92BC02244}.Debug|ARM.ActiveCfg = Debug|ARM
		{2C71175D-4EAF-4C2D-8F8B-5EA92BC02244}.Debug|ARM.Build.0 = Debug|ARM
		{2C71175D-4EAF-4C2D-8F8B-5EA92BC02244}.Debug|ARM.Deploy.0 = Debug|ARM
		{2C71175D-4EAF-4C2D-8F8B-5EA92BC02244}.Debug|x86.ActiveCfg = Debug|x86
		{2C71175D-4EAF-4C2D-8F8B-5EA92BC02244}.Debug|x86.Build.0 = Debug|x86
		{2C71175D-4EAF-4C2D-8F8B-5EA92BC02244}.Debug|x86.Deploy.0 = Debug|x86
		{2C71175D-4EAF-4C2D-8F8B-5EA92BC02244}.Release|Any CPU.ActiveCfg = Release|Any CPU
		{2C71175D-4EAF-4C2D-8F8B-5EA92BC02244}.Release|Any CPU.Build.0 = Release|Any CPU
		{2C71175D-4EAF-4C2D-8F8B-5EA92BC02244}.Release|Any CPU.Deploy.0 = Release|Any CPU
		{2C71175D-4EAF-4C2D-8F8B-5EA92BC02244}.Release|ARM.ActiveCfg = Release|ARM
		{2C71175D-4EAF-4C2D-8F8B-5EA92BC02244}.Release|ARM.Build.0 = Release|ARM
		{2C71175D-4EAF-4C2D-8F8B-5EA92BC02244}.Release|ARM.Deploy.0 = Release|ARM
		{2C71175D-4EAF-4C2D-8F8B-5EA92BC02244}.Release|x86.ActiveCfg = Release|x86
		{2C71175D-4EAF-4C2D-8F8B-5EA92BC02244}.Release|x86.Build.0 = Release|x86
		{2C71175D-4EAF-4C2D-8F8B-5EA92BC02244}.Release|x86.Deploy.0 = Release|x86
		{D7E46E6A-B611-4F5F-94DD-40D889743F17}.Debug|Any CPU.ActiveCfg = Debug|Any CPU
		{D7E46E6A-B611-4F5F-94DD-40D889743F17}.Debug|Any CPU.Build.0 = Debug|Any CPU
		{D7E46E6A-B611-4F5F-94DD-40D889743F17}.Debug|ARM.ActiveCfg = Debug|ARM
		{D7E46E6A-B611-4F5F-94DD-40D889743F17}.Debug|ARM.Build.0 = Debug|ARM
		{D7E46E6A-B611-4F5F-94DD-40D889743F17}.Debug|x86.ActiveCfg = Debug|x86
		{D7E46E6A-B611-4F5F-94DD-40D889743F17}.Debug|x86.Build.0 = Debug|x86
		{D7E46E6A-B611-4F5F-94DD-40D889743F17}.Release|Any CPU.ActiveCfg = Release|Any CPU
		{D7E46E6A-B611-4F5F-94DD-40D889743F17}.Release|Any CPU.Build.0 = Release|Any CPU
		{D7E46E6A-B611-4F5F-94DD-40D889743F17}.Release|ARM.ActiveCfg = Release|ARM
		{D7E46E6A-B611-4F5F-94DD-40D889743F17}.Release|ARM.Build.0 = Release|ARM
		{D7E46E6A-B611-4F5F-94DD-40D889743F17}.Release|x86.ActiveCfg = Release|x86
		{D7E46E6A-B611-4F5F-94DD-40D889743F17}.Release|x86.Build.0 = Release|x86
	EndGlobalSection
	GlobalSection(SolutionProperties) = preSolution
		HideSolutionNode = FALSE
	EndGlobalSection
EndGlobal
